{
  "name": "fast2page",
  "version": "1.0.0",
  "lockfileVersion": 1,
  "requires": true,
  "dependencies": {
    "@ant-design/colors": {
      "version": "3.2.2",
      "resolved": "https://registry.npm.taobao.org/@ant-design/colors/download/@ant-design/colors-3.2.2.tgz",
      "integrity": "sha1-WtQ9YZ6RHzSI66wwPWBuZqhCOQM=",
      "requires": {
        "tinycolor2": "^1.4.1"
      }
    },
    "@ant-design/icons": {
      "version": "2.1.1",
      "resolved": "https://registry.npm.taobao.org/@ant-design/icons/download/@ant-design/icons-2.1.1.tgz",
      "integrity": "sha1-e5wI3/1PXUHbZn2dvl4BB9C9mko="
    },
    "@ant-design/icons-vue": {
      "version": "2.0.0",
      "resolved": "https://registry.npm.taobao.org/@ant-design/icons-vue/download/@ant-design/icons-vue-2.0.0.tgz?cache=0&sync_timestamp=1584959913545&other_urls=https%3A%2F%2Fregistry.npm.taobao.org%2F%40ant-design%2Ficons-vue%2Fdownload%2F%40ant-design%2Ficons-vue-2.0.0.tgz",
      "integrity": "sha1-A1f1AQpATp80qHpLQbKgjfaR284=",
      "requires": {
        "@ant-design/colors": "^3.1.0",
        "babel-runtime": "^6.26.0"
      }
    },
    "@babel/runtime": {
      "version": "7.9.2",
      "resolved": "https://registry.npm.taobao.org/@babel/runtime/download/@babel/runtime-7.9.2.tgz?cache=0&sync_timestamp=1584800073233&other_urls=https%3A%2F%2Fregistry.npm.taobao.org%2F%40babel%2Fruntime%2Fdownload%2F%40babel%2Fruntime-7.9.2.tgz",
      "integrity": "sha1-2Q3wWDo6JS8JqqYZZlNnuuUY2wY=",
      "requires": {
        "regenerator-runtime": "^0.13.4"
      },
      "dependencies": {
        "regenerator-runtime": {
          "version": "0.13.5",
          "resolved": "https://registry.npm.taobao.org/regenerator-runtime/download/regenerator-runtime-0.13.5.tgz?cache=0&sync_timestamp=1584052392667&other_urls=https%3A%2F%2Fregistry.npm.taobao.org%2Fregenerator-runtime%2Fdownload%2Fregenerator-runtime-0.13.5.tgz",
          "integrity": "sha1-2Hih0JS0MG0QuQlkhLM+vVXiZpc="
        }
      }
    },
    "@smallwei/avue": {
      "version": "2.4.1",
      "resolved": "https://registry.npm.taobao.org/@smallwei/avue/download/@smallwei/avue-2.4.1.tgz?cache=0&sync_timestamp=1584429625454&other_urls=https%3A%2F%2Fregistry.npm.taobao.org%2F%40smallwei%2Favue%2Fdownload%2F%40smallwei%2Favue-2.4.1.tgz",
      "integrity": "sha1-l+odOAO82L21NwxQdBYL+bllEso=",
      "requires": {
        "ant-design-vue": "^1.3.14",
        "async-validator": "^1.10.0",
        "axios": "^0.18.0",
        "countup.js": "^1.9.3",
        "dayjs": "^1.7.8",
        "deepmerge": "^3.1.0",
        "element-ui": "^2.11.0",
        "nprogress": "^0.2.0",
        "vant": "^1.4.8",
        "vue": "^2.5.17",
        "vuedraggable": "^2.17.0"
      }
    },
    "@vant/icons": {
      "version": "1.1.7",
      "resolved": "https://registry.npm.taobao.org/@vant/icons/download/@vant/icons-1.1.7.tgz",
      "integrity": "sha1-KVYa3/+mp1DSedzNvpppt0OTTz8="
    },
    "@vue/babel-helper-vue-jsx-merge-props": {
      "version": "1.0.0",
      "resolved": "https://registry.npm.taobao.org/@vue/babel-helper-vue-jsx-merge-props/download/@vue/babel-helper-vue-jsx-merge-props-1.0.0.tgz",
      "integrity": "sha1-BI/leZWNpAj7eosqPsBQtQpmEEA="
    },
    "add-dom-event-listener": {
      "version": "1.1.0",
      "resolved": "https://registry.npm.taobao.org/add-dom-event-listener/download/add-dom-event-listener-1.1.0.tgz",
      "integrity": "sha1-apLbOg3Qq8JU4JXA8dwUrLuq4xA=",
      "requires": {
        "object-assign": "4.x"
      }
    },
    "ant-design-vue": {
      "version": "1.5.1",
      "resolved": "https://registry.npm.taobao.org/ant-design-vue/download/ant-design-vue-1.5.1.tgz",
      "integrity": "sha1-6L3PaaopSSqHXwKHRVYbeQjZ8X4=",
      "requires": {
        "@ant-design/icons": "^2.1.1",
        "@ant-design/icons-vue": "^2.0.0",
        "add-dom-event-listener": "^1.0.2",
        "array-tree-filter": "^2.1.0",
        "async-validator": "^3.0.3",
        "babel-helper-vue-jsx-merge-props": "^2.0.3",
        "babel-runtime": "6.x",
        "classnames": "^2.2.5",
        "component-classes": "^1.2.6",
        "dom-align": "^1.10.4",
        "dom-closest": "^0.2.0",
        "dom-scroll-into-view": "^2.0.0",
        "enquire.js": "^2.1.6",
        "intersperse": "^1.0.0",
        "is-mobile": "^2.2.1",
        "is-negative-zero": "^2.0.0",
        "ismobilejs": "^1.0.0",
        "json2mq": "^0.2.0",
        "lodash": "^4.17.5",
        "moment": "^2.21.0",
        "mutationobserver-shim": "^0.3.2",
        "node-emoji": "^1.10.0",
        "omit.js": "^1.0.0",
        "raf": "^3.4.0",
        "resize-observer-polyfill": "^1.5.1",
        "shallow-equal": "^1.0.0",
        "shallowequal": "^1.0.2",
        "vue-ref": "^1.0.4",
        "warning": "^4.0.0"
      },
      "dependencies": {
        "async-validator": {
          "version": "3.2.4",
          "resolved": "https://registry.npm.taobao.org/async-validator/download/async-validator-3.2.4.tgz?cache=0&sync_timestamp=1583827366142&other_urls=https%3A%2F%2Fregistry.npm.taobao.org%2Fasync-validator%2Fdownload%2Fasync-validator-3.2.4.tgz",
          "integrity": "sha1-Tnc6HQ10EBa0VbeZW0aaR8zg2+A="
        }
      }
    },
    "array-tree-filter": {
      "version": "2.1.0",
      "resolved": "https://registry.npm.taobao.org/array-tree-filter/download/array-tree-filter-2.1.0.tgz",
      "integrity": "sha1-hzrAD+yDdJ8lWsjdCDgUtPYykZA="
    },
    "async-validator": {
      "version": "1.12.2",
      "resolved": "https://registry.npm.taobao.org/async-validator/download/async-validator-1.12.2.tgz?cache=0&sync_timestamp=1583827366142&other_urls=https%3A%2F%2Fregistry.npm.taobao.org%2Fasync-validator%2Fdownload%2Fasync-validator-1.12.2.tgz",
      "integrity": "sha1-vq5nHnF00pOLe0tp0vt+cit/1yw="
    },
    "axios": {
      "version": "0.18.1",
      "resolved": "https://registry.npm.taobao.org/axios/download/axios-0.18.1.tgz",
      "integrity": "sha1-/z8N4ue10YDnV62YAA8Qgbh7zqM=",
      "requires": {
        "follow-redirects": "1.5.10",
        "is-buffer": "^2.0.2"
      }
    },
    "babel-helper-vue-jsx-merge-props": {
      "version": "2.0.3",
      "resolved": "https://registry.npm.taobao.org/babel-helper-vue-jsx-merge-props/download/babel-helper-vue-jsx-merge-props-2.0.3.tgz",
      "integrity": "sha1-Iq69OzOQIyjlEyk6jkmSs4T58bY="
    },
    "babel-runtime": {
      "version": "6.26.0",
      "resolved": "https://registry.npm.taobao.org/babel-runtime/download/babel-runtime-6.26.0.tgz",
      "integrity": "sha1-llxwWGaOgrVde/4E/yM3vItWR/4=",
      "requires": {
        "core-js": "^2.4.0",
        "regenerator-runtime": "^0.11.0"
      }
    },
    "classnames": {
      "version": "2.2.6",
      "resolved": "https://registry.npm.taobao.org/classnames/download/classnames-2.2.6.tgz",
      "integrity": "sha1-Q5Nb/90pHzJtrQogUwmzjQD2UM4="
    },
    "component-classes": {
      "version": "1.2.6",
      "resolved": "https://registry.npm.taobao.org/component-classes/download/component-classes-1.2.6.tgz",
      "integrity": "sha1-xkI5TDYYpNiwuJGe/Mu9kw5c1pE=",
      "requires": {
        "component-indexof": "0.0.3"
      }
    },
    "component-indexof": {
      "version": "0.0.3",
      "resolved": "https://registry.npm.taobao.org/component-indexof/download/component-indexof-0.0.3.tgz",
      "integrity": "sha1-EdCRMSI5648yyPJa6csAL/6NPCQ="
    },
    "core-js": {
      "version": "2.6.11",
      "resolved": "https://registry.npm.taobao.org/core-js/download/core-js-2.6.11.tgz?cache=0&other_urls=https%3A%2F%2Fregistry.npm.taobao.org%2Fcore-js%2Fdownload%2Fcore-js-2.6.11.tgz",
      "integrity": "sha1-OIMUafmSK97Y7iHJ3EaYXgOZMIw="
    },
    "countup.js": {
      "version": "1.9.3",
      "resolved": "https://registry.npm.taobao.org/countup.js/download/countup.js-1.9.3.tgz",
      "integrity": "sha1-zj5QzXFgRB5HjwfaMYle3MDxyd0="
    },
    "dayjs": {
      "version": "1.8.23",
      "resolved": "https://registry.npm.taobao.org/dayjs/download/dayjs-1.8.23.tgz?cache=0&sync_timestamp=1584333003999&other_urls=https%3A%2F%2Fregistry.npm.taobao.org%2Fdayjs%2Fdownload%2Fdayjs-1.8.23.tgz",
      "integrity": "sha1-B7Wo51nE11rge90K1pd/hRwB5RA="
    },
    "debug": {
      "version": "3.1.0",
      "resolved": "https://registry.npm.taobao.org/debug/download/debug-3.1.0.tgz",
      "integrity": "sha1-W7WgZyYotkFJVmuhaBnmFRjGcmE=",
      "requires": {
        "ms": "2.0.0"
      }
    },
    "deepmerge": {
      "version": "3.3.0",
      "resolved": "https://registry.npm.taobao.org/deepmerge/download/deepmerge-3.3.0.tgz?cache=0&sync_timestamp=1572279720382&other_urls=https%3A%2F%2Fregistry.npm.taobao.org%2Fdeepmerge%2Fdownload%2Fdeepmerge-3.3.0.tgz",
      "integrity": "sha1-08R/1vOpPVF7FEJrBiihewEl9fc="
    },
    "dom-align": {
      "version": "1.11.1",
      "resolved": "https://registry.npm.taobao.org/dom-align/download/dom-align-1.11.1.tgz?cache=0&sync_timestamp=1584440839259&other_urls=https%3A%2F%2Fregistry.npm.taobao.org%2Fdom-align%2Fdownload%2Fdom-align-1.11.1.tgz",
      "integrity": "sha1-dZK+maZgo2ze3B1u6yK4EJ11jK4="
    },
    "dom-closest": {
      "version": "0.2.0",
      "resolved": "https://registry.npm.taobao.org/dom-closest/download/dom-closest-0.2.0.tgz",
      "integrity": "sha1-69n5HRvyLo1vR3h2u80+yQIWwM8=",
      "requires": {
        "dom-matches": ">=1.0.1"
      }
    },
    "dom-matches": {
      "version": "2.0.0",
      "resolved": "https://registry.npm.taobao.org/dom-matches/download/dom-matches-2.0.0.tgz",
      "integrity": "sha1-0nKLQWqHUzmA6wibhI0lPPI6dYw="
    },
    "dom-scroll-into-view": {
      "version": "2.0.1",
      "resolved": "https://registry.npm.taobao.org/dom-scroll-into-view/download/dom-scroll-into-view-2.0.1.tgz",
      "integrity": "sha1-DezIUigB/Y0/HGujVadNOCxfmJs="
    },
    "element-ui": {
      "version": "2.13.0",
      "resolved": "https://registry.npm.taobao.org/element-ui/download/element-ui-2.13.0.tgz",
      "integrity": "sha1-9rsE5bCnbqX2JGYES3dEB7pOvS0=",
      "requires": {
        "async-validator": "~1.8.1",
        "babel-helper-vue-jsx-merge-props": "^2.0.0",
        "deepmerge": "^1.2.0",
        "normalize-wheel": "^1.0.1",
        "resize-observer-polyfill": "^1.5.0",
        "throttle-debounce": "^1.0.1"
      },
      "dependencies": {
        "async-validator": {
          "version": "1.8.5",
          "resolved": "https://registry.npm.taobao.org/async-validator/download/async-validator-1.8.5.tgz?cache=0&sync_timestamp=1583827366142&other_urls=https%3A%2F%2Fregistry.npm.taobao.org%2Fasync-validator%2Fdownload%2Fasync-validator-1.8.5.tgz",
          "integrity": "sha1-3D4I7B/Q3dtn5ghC8CwM0c7G1/A=",
          "requires": {
            "babel-runtime": "6.x"
          }
        },
        "deepmerge": {
          "version": "1.5.2",
          "resolved": "https://registry.npm.taobao.org/deepmerge/download/deepmerge-1.5.2.tgz?cache=0&sync_timestamp=1572279720382&other_urls=https%3A%2F%2Fregistry.npm.taobao.org%2Fdeepmerge%2Fdownload%2Fdeepmerge-1.5.2.tgz",
          "integrity": "sha1-EEmdhohEza1P7ghC34x/bwyVp1M="
        }
      }
    },
    "enquire.js": {
      "version": "2.1.6",
      "resolved": "https://registry.npm.taobao.org/enquire.js/download/enquire.js-2.1.6.tgz?cache=0&other_urls=https%3A%2F%2Fregistry.npm.taobao.org%2Fenquire.js%2Fdownload%2Fenquire.js-2.1.6.tgz",
      "integrity": "sha1-PoeAybi4NQhMP2DhZtvDwqPImBQ="
    },
    "follow-redirects": {
      "version": "1.5.10",
      "resolved": "https://registry.npm.taobao.org/follow-redirects/download/follow-redirects-1.5.10.tgz",
      "integrity": "sha1-e3qfmuov3/NnhqlP9kPtB/T/Xio=",
      "requires": {
        "debug": "=3.1.0"
      }
    },
    "intersperse": {
      "version": "1.0.0",
      "resolved": "https://registry.npm.taobao.org/intersperse/download/intersperse-1.0.0.tgz",
      "integrity": "sha1-8lYfsc/vn1J3zDNHoiiGtDUaUYE="
    },
    "is-buffer": {
      "version": "2.0.4",
      "resolved": "https://registry.npm.taobao.org/is-buffer/download/is-buffer-2.0.4.tgz?cache=0&sync_timestamp=1569904999656&other_urls=https%3A%2F%2Fregistry.npm.taobao.org%2Fis-buffer%2Fdownload%2Fis-buffer-2.0.4.tgz",
      "integrity": "sha1-PlcvI8hBGlz9lVfISeNmXgspBiM="
    },
    "is-mobile": {
      "version": "2.2.1",
      "resolved": "https://registry.npm.taobao.org/is-mobile/download/is-mobile-2.2.1.tgz",
      "integrity": "sha1-EPIyABLEEMwoX+7LE0Br1Ybxsvg="
    },
    "is-negative-zero": {
      "version": "2.0.0",
      "resolved": "https://registry.npm.taobao.org/is-negative-zero/download/is-negative-zero-2.0.0.tgz",
      "integrity": "sha1-lVOxIbD6wohp2p7UWeIMdUN4hGE="
    },
    "ismobilejs": {
      "version": "1.0.3",
      "resolved": "https://registry.npm.taobao.org/ismobilejs/download/ismobilejs-1.0.3.tgz",
      "integrity": "sha1-aew/rM0X3+6t1HHnCVXR4ZKkbrY="
    },
    "js-tokens": {
      "version": "4.0.0",
      "resolved": "https://registry.npm.taobao.org/js-tokens/download/js-tokens-4.0.0.tgz",
      "integrity": "sha1-GSA/tZmR35jjoocFDUZHzerzJJk="
    },
    "json2mq": {
      "version": "0.2.0",
      "resolved": "https://registry.npm.taobao.org/json2mq/download/json2mq-0.2.0.tgz",
      "integrity": "sha1-tje9O6nqvhIsg+lyBIOusQ0skEo=",
      "requires": {
        "string-convert": "^0.2.0"
      }
    },
    "lodash": {
      "version": "4.17.15",
      "resolved": "https://registry.npm.taobao.org/lodash/download/lodash-4.17.15.tgz",
      "integrity": "sha1-tEf2ZwoEVbv+7dETku/zMOoJdUg="
    },
    "lodash.toarray": {
      "version": "4.4.0",
      "resolved": "https://registry.npm.taobao.org/lodash.toarray/download/lodash.toarray-4.4.0.tgz",
      "integrity": "sha1-JMS/zWsvuji/0FlNsRedjptlZWE="
    },
    "loose-envify": {
      "version": "1.4.0",
      "resolved": "https://registry.npm.taobao.org/loose-envify/download/loose-envify-1.4.0.tgz",
      "integrity": "sha1-ce5R+nvkyuwaY4OffmgtgTLTDK8=",
      "requires": {
        "js-tokens": "^3.0.0 || ^4.0.0"
      }
    },
    "moment": {
      "version": "2.24.0",
      "resolved": "https://registry.npm.taobao.org/moment/download/moment-2.24.0.tgz",
      "integrity": "sha1-DQVdU/UFKqZTyfbraLtdEr9cK1s="
    },
    "ms": {
      "version": "2.0.0",
      "resolved": "https://registry.npm.taobao.org/ms/download/ms-2.0.0.tgz?cache=0&other_urls=https%3A%2F%2Fregistry.npm.taobao.org%2Fms%2Fdownload%2Fms-2.0.0.tgz",
      "integrity": "sha1-VgiurfwAvmwpAd9fmGF4jeDVl8g="
    },
    "mutationobserver-shim": {
      "version": "0.3.5",
      "resolved": "https://registry.npm.taobao.org/mutationobserver-shim/download/mutationobserver-shim-0.3.5.tgz?cache=0&sync_timestamp=1585656350833&other_urls=https%3A%2F%2Fregistry.npm.taobao.org%2Fmutationobserver-shim%2Fdownload%2Fmutationobserver-shim-0.3.5.tgz",
      "integrity": "sha1-bzXOhYZ7IaoeWPeIktCrTu6ULA4="
    },
    "node-emoji": {
      "version": "1.10.0",
      "resolved": "https://registry.npm.taobao.org/node-emoji/download/node-emoji-1.10.0.tgz",
      "integrity": "sha1-iIar0l2ce7YYAqZYUj0fjSqJsto=",
      "requires": {
        "lodash.toarray": "^4.4.0"
      }
    },
    "normalize-wheel": {
      "version": "1.0.1",
      "resolved": "https://registry.npm.taobao.org/normalize-wheel/download/normalize-wheel-1.0.1.tgz",
      "integrity": "sha1-rsiGr/2wRQcNhWRH32Ls+GFG7EU="
    },
    "nprogress": {
      "version": "0.2.0",
      "resolved": "https://registry.npm.taobao.org/nprogress/download/nprogress-0.2.0.tgz",
      "integrity": "sha1-y480xTIT2JVyP8urkH6UIq28r7E="
    },
    "object-assign": {
      "version": "4.1.1",
      "resolved": "https://registry.npm.taobao.org/object-assign/download/object-assign-4.1.1.tgz",
      "integrity": "sha1-IQmtx5ZYh8/AXLvUQsrIv7s2CGM="
    },
    "omit.js": {
      "version": "1.0.2",
      "resolved": "https://registry.npm.taobao.org/omit.js/download/omit.js-1.0.2.tgz",
      "integrity": "sha1-kaFPDrqEBm36AVvzDkdMR/MLyFg=",
      "requires": {
        "babel-runtime": "^6.23.0"
      }
    },
    "performance-now": {
      "version": "2.1.0",
      "resolved": "https://registry.npm.taobao.org/performance-now/download/performance-now-2.1.0.tgz",
      "integrity": "sha1-Ywn04OX6kT7BxpMHrjZLSzd8nns="
    },
    "raf": {
      "version": "3.4.1",
      "resolved": "https://registry.npm.taobao.org/raf/download/raf-3.4.1.tgz",
      "integrity": "sha1-B0LpmkplUvRF1z4+4DKK8P8e3jk=",
      "requires": {
        "performance-now": "^2.1.0"
      }
    },
    "regenerator-runtime": {
      "version": "0.11.1",
      "resolved": "https://registry.npm.taobao.org/regenerator-runtime/download/regenerator-runtime-0.11.1.tgz?cache=0&sync_timestamp=1584052392667&other_urls=https%3A%2F%2Fregistry.npm.taobao.org%2Fregenerator-runtime%2Fdownload%2Fregenerator-runtime-0.11.1.tgz",
      "integrity": "sha1-vgWtf5v30i4Fb5cmzuUBf78Z4uk="
    },
    "resize-observer-polyfill": {
      "version": "1.5.1",
      "resolved": "https://registry.npm.taobao.org/resize-observer-polyfill/download/resize-observer-polyfill-1.5.1.tgz?cache=0&other_urls=https%3A%2F%2Fregistry.npm.taobao.org%2Fresize-observer-polyfill%2Fdownload%2Fresize-observer-polyfill-1.5.1.tgz",
      "integrity": "sha1-DpAg3T0hAkRY1OvSfiPkAmmBBGQ="
    },
    "shallow-equal": {
      "version": "1.2.1",
      "resolved": "https://registry.npm.taobao.org/shallow-equal/download/shallow-equal-1.2.1.tgz",
      "integrity": "sha1-TBar+lYEOqINBQMk76aJQLDaedo="
    },
    "shallowequal": {
      "version": "1.1.0",
      "resolved": "https://registry.npm.taobao.org/shallowequal/download/shallowequal-1.1.0.tgz",
      "integrity": "sha1-GI1SHelbkIdAT9TctosT3wrk5/g="
    },
    "sortablejs": {
      "version": "1.10.2",
      "resolved": "https://registry.npm.taobao.org/sortablejs/download/sortablejs-1.10.2.tgz",
      "integrity": "sha1-bkA2TZE/mLhaFPZnj5K1wSIfUpA="
    },
    "string-convert": {
      "version": "0.2.1",
      "resolved": "https://registry.npm.taobao.org/string-convert/download/string-convert-0.2.1.tgz",
      "integrity": "sha1-aYLMMEn7tM2F+LJFaLnZvznu/5c="
    },
    "throttle-debounce": {
      "version": "1.1.0",
      "resolved": "https://registry.npm.taobao.org/throttle-debounce/download/throttle-debounce-1.1.0.tgz",
      "integrity": "sha1-UYU9o3vmihVctugns1FKPEIuic0="
    },
    "tinycolor2": {
      "version": "1.4.1",
      "resolved": "https://registry.npm.taobao.org/tinycolor2/download/tinycolor2-1.4.1.tgz",
      "integrity": "sha1-9PrTM0R7wLB9TcjpIJ2POaisd+g="
    },
    "vant": {
      "version": "1.6.28",
      "resolved": "https://registry.npm.taobao.org/vant/download/vant-1.6.28.tgz",
      "integrity": "sha1-hhHEa+SvHcrXfrXHbx3IUVEtkG4=",
      "requires": {
        "@babel/runtime": "^7.4.3",
        "@vant/icons": "1.1.7",
        "@vue/babel-helper-vue-jsx-merge-props": "^1.0.0-beta.3",
        "vue-lazyload": "1.2.3"
      }
    },
    "vue": {
      "version": "2.6.11",
      "resolved": "https://registry.npm.taobao.org/vue/download/vue-2.6.11.tgz?cache=0&sync_timestamp=1585089417000&other_urls=https%3A%2F%2Fregistry.npm.taobao.org%2Fvue%2Fdownload%2Fvue-2.6.11.tgz",
      "integrity": "sha1-dllNh31LEiNEBuhONSdcbVFBJcU="
    },
    "vue-lazyload": {
      "version": "1.2.3",
      "resolved": "https://registry.npm.taobao.org/vue-lazyload/download/vue-lazyload-1.2.3.tgz",
      "integrity": "sha1-kB+ewVx+bKeHgaK65KNDaGve2yw="
    },
    "vue-ref": {
      "version": "1.0.6",
      "resolved": "https://registry.npm.taobao.org/vue-ref/download/vue-ref-1.0.6.tgz",
      "integrity": "sha1-ubPX0OKQ7i/T1Q1de9rFIIBssmU="
    },
    "vuedraggable": {
      "version": "2.23.2",
      "resolved": "https://registry.npm.taobao.org/vuedraggable/download/vuedraggable-2.23.2.tgz",
      "integrity": "sha1-DZXX/fTwL1Z1Wiazydylx8qc+nI=",
      "requires": {
        "sortablejs": "^1.10.1"
      }
    },
    "warning": {
      "version": "4.0.3",
      "resolved": "https://registry.npm.taobao.org/warning/download/warning-4.0.3.tgz",
      "integrity": "sha1-Fungd+uKhtavfWSqHgX9hbRnjKM=",
      "requires": {
        "loose-envify": "^1.0.0"
      }
    }
  }
}
